
Microsoft Visual Studio Solution File, Format Version 12.00
# Visual Studio Version 17
VisualStudioVersion = 17.12.35707.178 d17.12
MinimumVisualStudioVersion = 10.0.40219.1
Project("{FAE04EC0-301F-11D3-BF4B-00C04F79EFBC}") = "TiendaLibro", "TiendaLibro\TiendaLibro.csproj", "{5B19DF26-1196-48FE-AE93-E8292993BB1F}"
EndProject
Project("{FAE04EC0-301F-11D3-BF4B-00C04F79EFBC}") = "TiendaLibroAccesoDatos", "TiendaLibroAccesoDatos\TiendaLibroAccesoDatos.csproj", "{E8F4CB41-41A8-4FCD-AF93-5DB062FA86E2}"
EndProject
Project("{FAE04EC0-301F-11D3-BF4B-00C04F79EFBC}") = "TiendaLibro.Modelo", "TiendaLibro.Modelo\TiendaLibro.Modelo.csproj", "{227CD325-B9E1-42EE-A915-1AF4DDE7765E}"
EndProject
Project("{FAE04EC0-301F-11D3-BF4B-00C04F79EFBC}") = "TiendaLibro.Utilidades", "TiendaLibro.Utilidades\TiendaLibro.Utilidades.csproj", "{F3975669-8832-44A2-9DBC-BF22432B5641}"
EndProject
Global
	GlobalSection(SolutionConfigurationPlatforms) = preSolution
		Debug|Any CPU = Debug|Any CPU
		Release|Any CPU = Release|Any CPU
	EndGlobalSection
	GlobalSection(ProjectConfigurationPlatforms) = postSolution
		{5B19DF26-1196-48FE-AE93-E8292993BB1F}.Debug|Any CPU.ActiveCfg = Debug|Any CPU
		{5B19DF26-1196-48FE-AE93-E8292993BB1F}.Debug|Any CPU.Build.0 = Debug|Any CPU
		{5B19DF26-1196-48FE-AE93-E8292993BB1F}.Release|Any CPU.ActiveCfg = Release|Any CPU
		{5B19DF26-1196-48FE-AE93-E8292993BB1F}.Release|Any CPU.Build.0 = Release|Any CPU
		{E8F4CB41-41A8-4FCD-AF93-5DB062FA86E2}.Debug|Any CPU.ActiveCfg = Debug|Any CPU
		{E8F4CB41-41A8-4FCD-AF93-5DB062FA86E2}.Debug|Any CPU.Build.0 = Debug|Any CPU
		{E8F4CB41-41A8-4FCD-AF93-5DB062FA86E2}.Release|Any CPU.ActiveCfg = Release|Any CPU
		{E8F4CB41-41A8-4FCD-AF93-5DB062FA86E2}.Release|Any CPU.Build.0 = Release|Any CPU
		{227CD325-B9E1-42EE-A915-1AF4DDE7765E}.Debug|Any CPU.ActiveCfg = Debug|Any CPU
		{227CD325-B9E1-42EE-A915-1AF4DDE7765E}.Debug|Any CPU.Build.0 = Debug|Any CPU
		{227CD325-B9E1-42EE-A915-1AF4DDE7765E}.Release|Any CPU.ActiveCfg = Release|Any CPU
		{227CD325-B9E1-42EE-A915-1AF4DDE7765E}.Release|Any CPU.Build.0 = Release|Any CPU
		{F3975669-8832-44A2-9DBC-BF22432B5641}.Debug|Any CPU.ActiveCfg = Debug|Any CPU
		{F3975669-8832-44A2-9DBC-BF22432B5641}.Debug|Any CPU.Build.0 = Debug|Any CPU
		{F3975669-8832-44A2-9DBC-BF22432B5641}.Release|Any CPU.ActiveCfg = Release|Any CPU
		{F3975669-8832-44A2-9DBC-BF22432B5641}.Release|Any CPU.Build.0 = Release|Any CPU
	EndGlobalSection
	GlobalSection(SolutionProperties) = preSolution
		HideSolutionNode = FALSE
	EndGlobalSection
EndGlobal
